// !$*UTF8*$!
{
	archiveVersion = 1;
	classes = {
	};
	objectVersion = 50;
	objects = {

/* Begin PBXBuildFile section */
		1F7783D523D8E262009285CB /* AppDelegate.swift in Sources */ = {isa = PBXBuildFile; fileRef = 1F7783D423D8E262009285CB /* AppDelegate.swift */; };
		1F7783D723D8E262009285CB /* SceneDelegate.swift in Sources */ = {isa = PBXBuildFile; fileRef = 1F7783D623D8E262009285CB /* SceneDelegate.swift */; };
		1F7783D923D8E262009285CB /* FibSequenceController.swift in Sources */ = {isa = PBXBuildFile; fileRef = 1F7783D823D8E262009285CB /* FibSequenceController.swift */; };
		1F7783DC23D8E262009285CB /* Main.storyboard in Resources */ = {isa = PBXBuildFile; fileRef = 1F7783DA23D8E262009285CB /* Main.storyboard */; };
		1F7783DE23D8E268009285CB /* Assets.xcassets in Resources */ = {isa = PBXBuildFile; fileRef = 1F7783DD23D8E268009285CB /* Assets.xcassets */; };
		1F7783E123D8E268009285CB /* LaunchScreen.storyboard in Resources */ = {isa = PBXBuildFile; fileRef = 1F7783DF23D8E268009285CB /* LaunchScreen.storyboard */; };
		1F7783EC23D8E268009285CB /* fibSequenceProjectTests.swift in Sources */ = {isa = PBXBuildFile; fileRef = 1F7783EB23D8E268009285CB /* fibSequenceProjectTests.swift */; };
		1F7783F923D8E778009285CB /* labelCollectionViewCell.swift in Sources */ = {isa = PBXBuildFile; fileRef = 1F7783F823D8E778009285CB /* labelCollectionViewCell.swift */; };
		1F7783FC23D9136D009285CB /* FibinacciGenerator.swift in Sources */ = {isa = PBXBuildFile; fileRef = 1F7783FB23D9136D009285CB /* FibinacciGenerator.swift */; };
/* End PBXBuildFile section */

/* Begin PBXContainerItemProxy section */
		1F7783E823D8E268009285CB /* PBXContainerItemProxy */ = {
			isa = PBXContainerItemProxy;
			containerPortal = 1F7783C923D8E262009285CB /* Project object */;
			proxyType = 1;
			remoteGlobalIDString = 1F7783D023D8E262009285CB;
			remoteInfo = fibSequenceProject;
		};
/* End PBXContainerItemProxy section */

/* Begin PBXFileReference section */
		1F7783D123D8E262009285CB /* fibSequenceProject.app */ = {isa = PBXFileReference; explicitFileType = wrapper.application; includeInIndex = 0; path = fibSequenceProject.app; sourceTree = BUILT_PRODUCTS_DIR; };
		1F7783D423D8E262009285CB /* AppDelegate.swift */ = {isa = PBXFileReference; lastKnownFileType = sourcecode.swift; path = AppDelegate.swift; sourceTree = "<group>"; };
		1F7783D623D8E262009285CB /* SceneDelegate.swift */ = {isa = PBXFileReference; lastKnownFileType = sourcecode.swift; path = SceneDelegate.swift; sourceTree = "<group>"; };
		1F7783D823D8E262009285CB /* FibSequenceController.swift */ = {isa = PBXFileReference; lastKnownFileType = sourcecode.swift; path = FibSequenceController.swift; sourceTree = "<group>"; };
		1F7783DB23D8E262009285CB /* Base */ = {isa = PBXFileReference; lastKnownFileType = file.storyboard; name = Base; path = Base.lproj/Main.storyboard; sourceTree = "<group>"; };
		1F7783DD23D8E268009285CB /* Assets.xcassets */ = {isa = PBXFileReference; lastKnownFileType = folder.assetcatalog; path = Assets.xcassets; sourceTree = "<group>"; };
		1F7783E023D8E268009285CB /* Base */ = {isa = PBXFileReference; lastKnownFileType = file.storyboard; name = Base; path = Base.lproj/LaunchScreen.storyboard; sourceTree = "<group>"; };
		1F7783E223D8E268009285CB /* Info.plist */ = {isa = PBXFileReference; lastKnownFileType = text.plist.xml; path = Info.plist; sourceTree = "<group>"; };
		1F7783E723D8E268009285CB /* fibSequenceProjectTests.xctest */ = {isa = PBXFileReference; explicitFileType = wrapper.cfbundle; includeInIndex = 0; path = fibSequenceProjectTests.xctest; sourceTree = BUILT_PRODUCTS_DIR; };
		1F7783EB23D8E268009285CB /* fibSequenceProjectTests.swift */ = {isa = PBXFileReference; lastKnownFileType = sourcecode.swift; path = fibSequenceProjectTests.swift; sourceTree = "<group>"; };
		1F7783ED23D8E268009285CB /* Info.plist */ = {isa = PBXFileReference; lastKnownFileType = text.plist.xml; path = Info.plist; sourceTree = "<group>"; };
		1F7783F823D8E778009285CB /* labelCollectionViewCell.swift */ = {isa = PBXFileReference; lastKnownFileType = sourcecode.swift; path = labelCollectionViewCell.swift; sourceTree = "<group>"; };
		1F7783FB23D9136D009285CB /* FibinacciGenerator.swift */ = {isa = PBXFileReference; lastKnownFileType = sourcecode.swift; path = FibinacciGenerator.swift; sourceTree = "<group>"; };
/* End PBXFileReference section */

/* Begin PBXFrameworksBuildPhase section */
		1F7783CE23D8E262009285CB /* Frameworks */ = {
			isa = PBXFrameworksBuildPhase;
			buildActionMask = 2147483647;
			files = (
			);
			runOnlyForDeploymentPostprocessing = 0;
		};
		1F7783E423D8E268009285CB /* Frameworks */ = {
			isa = PBXFrameworksBuildPhase;
			buildActionMask = 2147483647;
			files = (
			);
			runOnlyForDeploymentPostprocessing = 0;
		};
/* End PBXFrameworksBuildPhase section */

/* Begin PBXGroup section */
		1F7783C823D8E262009285CB = {
			isa = PBXGroup;
			children = (
				1F7783D323D8E262009285CB /* fibSequenceProject */,
				1F7783EA23D8E268009285CB /* fibSequenceProjectTests */,
				1F7783D223D8E262009285CB /* Products */,
			);
			sourceTree = "<group>";
		};
		1F7783D223D8E262009285CB /* Products */ = {
			isa = PBXGroup;
			children = (
				1F7783D123D8E262009285CB /* fibSequenceProject.app */,
				1F7783E723D8E268009285CB /* fibSequenceProjectTests.xctest */,
			);
			name = Products;
			sourceTree = "<group>";
		};
		1F7783D323D8E262009285CB /* fibSequenceProject */ = {
			isa = PBXGroup;
			children = (
				1F7783D423D8E262009285CB /* AppDelegate.swift */,
				1F7783D623D8E262009285CB /* SceneDelegate.swift */,
				1F7783FA23D9133C009285CB /* Generators */,
				1F7783F623D8E511009285CB /* Fib Sequence Controllers (Main) */,
				1F7783DD23D8E268009285CB /* Assets.xcassets */,
				1F7783DF23D8E268009285CB /* LaunchScreen.storyboard */,
				1F7783E223D8E268009285CB /* Info.plist */,
			);
			path = fibSequenceProject;
			sourceTree = "<group>";
		};
		1F7783EA23D8E268009285CB /* fibSequenceProjectTests */ = {
			isa = PBXGroup;
			children = (
				1F7783EB23D8E268009285CB /* fibSequenceProjectTests.swift */,
				1F7783ED23D8E268009285CB /* Info.plist */,
			);
			path = fibSequenceProjectTests;
			sourceTree = "<group>";
		};
		1F7783F623D8E511009285CB /* Fib Sequence Controllers (Main) */ = {
			isa = PBXGroup;
			children = (
				1F7783DA23D8E262009285CB /* Main.storyboard */,
				1F7783D823D8E262009285CB /* FibSequenceController.swift */,
				1F7783F723D8E742009285CB /* Fib Sequence Collection Cells */,
			);
			path = "Fib Sequence Controllers (Main)";
			sourceTree = "<group>";
		};
		1F7783F723D8E742009285CB /* Fib Sequence Collection Cells */ = {
			isa = PBXGroup;
			children = (
				1F7783F823D8E778009285CB /* labelCollectionViewCell.swift */,
			);
			path = "Fib Sequence Collection Cells";
			sourceTree = "<group>";
		};
		1F7783FA23D9133C009285CB /* Generators */ = {
			isa = PBXGroup;
			children = (
				1F7783FB23D9136D009285CB /* FibinacciGenerator.swift */,
			);
			path = Generators;
			sourceTree = "<group>";
		};
/* End PBXGroup section */

/* Begin PBXNativeTarget section */
		1F7783D023D8E262009285CB /* fibSequenceProject */ = {
			isa = PBXNativeTarget;
			buildConfigurationList = 1F7783F023D8E268009285CB /* Build configuration list for PBXNativeTarget "fibSequenceProject" */;
			buildPhases = (
				1F7783CD23D8E262009285CB /* Sources */,
				1F7783CE23D8E262009285CB /* Frameworks */,
				1F7783CF23D8E262009285CB /* Resources */,
			);
			buildRules = (
			);
			dependencies = (
			);
			name = fibSequenceProject;
			productName = fibSequenceProject;
			productReference = 1F7783D123D8E262009285CB /* fibSequenceProject.app */;
			productType = "com.apple.product-type.application";
		};
		1F7783E623D8E268009285CB /* fibSequenceProjectTests */ = {
			isa = PBXNativeTarget;
			buildConfigurationList = 1F7783F323D8E268009285CB /* Build configuration list for PBXNativeTarget "fibSequenceProjectTests" */;
			buildPhases = (
				1F7783E323D8E268009285CB /* Sources */,
				1F7783E423D8E268009285CB /* Frameworks */,
				1F7783E523D8E268009285CB /* Resources */,
			);
			buildRules = (
			);
			dependencies = (
				1F7783E923D8E268009285CB /* PBXTargetDependency */,
			);
			name = fibSequenceProjectTests;
			productName = fibSequenceProjectTests;
			productReference = 1F7783E723D8E268009285CB /* fibSequenceProjectTests.xctest */;
			productType = "com.apple.product-type.bundle.unit-test";
		};
/* End PBXNativeTarget section */

/* Begin PBXProject section */
		1F7783C923D8E262009285CB /* Project object */ = {
			isa = PBXProject;
			attributes = {
				LastSwiftUpdateCheck = 1130;
				LastUpgradeCheck = 1130;
				ORGANIZATIONNAME = "Arin Davoodian";
				TargetAttributes = {
					1F7783D023D8E262009285CB = {
						CreatedOnToolsVersion = 11.3.1;
					};
					1F7783E623D8E268009285CB = {
						CreatedOnToolsVersion = 11.3.1;
						TestTargetID = 1F7783D023D8E262009285CB;
					};
				};
			};
			buildConfigurationList = 1F7783CC23D8E262009285CB /* Build configuration list for PBXProject "fibSequenceProject" */;
			compatibilityVersion = "Xcode 9.3";
			developmentRegion = en;
			hasScannedForEncodings = 0;
			knownRegions = (
				en,
				Base,
			);
			mainGroup = 1F7783C823D8E262009285CB;
			productRefGroup = 1F7783D223D8E262009285CB /* Products */;
			projectDirPath = "";
			projectRoot = "";
			targets = (
				1F7783D023D8E262009285CB /* fibSequenceProject */,
				1F7783E623D8E268009285CB /* fibSequenceProjectTests */,
			);
		};
/* End PBXProject section */

/* Begin PBXResourcesBuildPhase section */
		1F7783CF23D8E262009285CB /* Resources */ = {
			isa = PBXResourcesBuildPhase;
			buildActionMask = 2147483647;
			files = (
				1F7783E123D8E268009285CB /* LaunchScreen.storyboard in Resources */,
				1F7783DE23D8E268009285CB /* Assets.xcassets in Resources */,
				1F7783DC23D8E262009285CB /* Main.storyboard in Resources */,
			);
			runOnlyForDeploymentPostprocessing = 0;
		};
		1F7783E523D8E268009285CB /* Resources */ = {
			isa = PBXResourcesBuildPhase;
			buildActionMask = 2147483647;
			files = (
			);
			runOnlyForDeploymentPostprocessing = 0;
		};
/* End PBXResourcesBuildPhase section */

/* Begin PBXSourcesBuildPhase section */
		1F7783CD23D8E262009285CB /* Sources */ = {
			isa = PBXSourcesBuildPhase;
			buildActionMask = 2147483647;
			files = (
				1F7783D923D8E262009285CB /* FibSequenceController.swift in Sources */,
				1F7783D523D8E262009285CB /* AppDelegate.swift in Sources */,
				1F7783FC23D9136D009285CB /* FibinacciGenerator.swift in Sources */,
				1F7783D723D8E262009285CB /* SceneDelegate.swift in Sources */,
				1F7783F923D8E778009285CB /* labelCollectionViewCell.swift in Sources */,
			);
			runOnlyForDeploymentPostprocessing = 0;
		};
		1F7783E323D8E268009285CB /* Sources */ = {
			isa = PBXSourcesBuildPhase;
			buildActionMask = 2147483647;
			files = (
				1F7783EC23D8E268009285CB /* fibSequenceProjectTests.swift in Sources */,
			);
			runOnlyForDeploymentPostprocessing = 0;
		};
/* End PBXSourcesBuildPhase section */

/* Begin PBXTargetDependency section */
		1F7783E923D8E268009285CB /* PBXTargetDependency */ = {
			isa = PBXTargetDependency;
			target = 1F7783D023D8E262009285CB /* fibSequenceProject */;
			targetProxy = 1F7783E823D8E268009285CB /* PBXContainerItemProxy */;
		};
/* End PBXTargetDependency section */

/* Begin PBXVariantGroup section */
		1F7783DA23D8E262009285CB /* Main.storyboard */ = {
			isa = PBXVariantGroup;
			children = (
				1F7783DB23D8E262009285CB /* Base */,
			);
			name = Main.storyboard;
			sourceTree = "<group>";
		};
		1F7783DF23D8E268009285CB /* LaunchScreen.storyboard */ = {
			isa = PBXVariantGroup;
			children = (
				1F7783E023D8E268009285CB /* Base */,
			);
			name = LaunchScreen.storyboard;
			sourceTree = "<group>";
		};
/* End PBXVariantGroup section */

/* Begin XCBuildConfiguration section */
		1F7783EE23D8E268009285CB /* Debug */ = {
			isa = XCBuildConfiguration;
			buildSettings = {
				ALWAYS_SEARCH_USER_PATHS = NO;
				CLANG_ANALYZER_NONNULL = YES;
				CLANG_ANALYZER_NUMBER_OBJECT_CONVERSION = YES_AGGRESSIVE;
				CLANG_CXX_LANGUAGE_STANDARD = "gnu++14";
				CLANG_CXX_LIBRARY = "libc++";
				CLANG_ENABLE_MODULES = YES;
				CLANG_ENABLE_OBJC_ARC = YES;
				CLANG_ENABLE_OBJC_WEAK = YES;
				CLANG_WARN_BLOCK_CAPTURE_AUTORELEASING = YES;
				CLANG_WARN_BOOL_CONVERSION = YES;
				CLANG_WARN_COMMA = YES;
				CLANG_WARN_CONSTANT_CONVERSION = YES;
				CLANG_WARN_DEPRECATED_OBJC_IMPLEMENTATIONS = YES;
				CLANG_WARN_DIRECT_OBJC_ISA_USAGE = YES_ERROR;
				CLANG_WARN_DOCUMENTATION_COMMENTS = YES;
				CLANG_WARN_EMPTY_BODY = YES;
				CLANG_WARN_ENUM_CONVERSION = YES;
				CLANG_WARN_INFINITE_RECURSION = YES;
				CLANG_WARN_INT_CONVERSION = YES;
				CLANG_WARN_NON_LITERAL_NULL_CONVERSION = YES;
				CLANG_WARN_OBJC_IMPLICIT_RETAIN_SELF = YES;
				CLANG_WARN_OBJC_LITERAL_CONVERSION = YES;
				CLANG_WARN_OBJC_ROOT_CLASS = YES_ERROR;
				CLANG_WARN_RANGE_LOOP_ANALYSIS = YES;
				CLANG_WARN_STRICT_PROTOTYPES = YES;
				CLANG_WARN_SUSPICIOUS_MOVE = YES;
				CLANG_WARN_UNGUARDED_AVAILABILITY = YES_AGGRESSIVE;
				CLANG_WARN_UNREACHABLE_CODE = YES;
				CLANG_WARN__DUPLICATE_METHOD_MATCH = YES;
				COPY_PHASE_STRIP = NO;
				DEBUG_INFORMATION_FORMAT = dwarf;
				ENABLE_STRICT_OBJC_MSGSEND = YES;
				ENABLE_TESTABILITY = YES;
				GCC_C_LANGUAGE_STANDARD = gnu11;
				GCC_DYNAMIC_NO_PIC = NO;
				GCC_NO_COMMON_BLOCKS = YES;
				GCC_OPTIMIZATION_LEVEL = 0;
				GCC_PREPROCESSOR_DEFINITIONS = (
					"DEBUG=1",
					"$(inherited)",
				);
				GCC_WARN_64_TO_32_BIT_CONVERSION = YES;
				GCC_WARN_ABOUT_RETURN_TYPE = YES_ERROR;
				GCC_WARN_UNDECLARED_SELECTOR = YES;
				GCC_WARN_UNINITIALIZED_AUTOS = YES_AGGRESSIVE;
				GCC_WARN_UNUSED_FUNCTION = YES;
				GCC_WARN_UNUSED_VARIABLE = YES;
				IPHONEOS_DEPLOYMENT_TARGET = 13.2;
				MTL_ENABLE_DEBUG_INFO = INCLUDE_SOURCE;
				MTL_FAST_MATH = YES;
				ONLY_ACTIVE_ARCH = YES;
				SDKROOT = iphoneos;
				SWIFT_ACTIVE_COMPILATION_CONDITIONS = DEBUG;
				SWIFT_OPTIMIZATION_LEVEL = "-Onone";
			};
			name = Debug;
		};
		1F7783EF23D8E268009285CB /* Release */ = {
			isa = XCBuildConfiguration;
			buildSettings = {
				ALWAYS_SEARCH_USER_PATHS = NO;
				CLANG_ANALYZER_NONNULL = YES;
				CLANG_ANALYZER_NUMBER_OBJECT_CONVERSION = YES_AGGRESSIVE;
				CLANG_CXX_LANGUAGE_STANDARD = "gnu++14";
				CLANG_CXX_LIBRARY = "libc++";
				CLANG_ENABLE_MODULES = YES;
				CLANG_ENABLE_OBJC_ARC = YES;
				CLANG_ENABLE_OBJC_WEAK = YES;
				CLANG_WARN_BLOCK_CAPTURE_AUTORELEASING = YES;
				CLANG_WARN_BOOL_CONVERSION = YES;
				CLANG_WARN_COMMA = YES;
				CLANG_WARN_CONSTANT_CONVERSION = YES;
				CLANG_WARN_DEPRECATED_OBJC_IMPLEMENTATIONS = YES;
				CLANG_WARN_DIRECT_OBJC_ISA_USAGE = YES_ERROR;
				CLANG_WARN_DOCUMENTATION_COMMENTS = YES;
				CLANG_WARN_EMPTY_BODY = YES;
				CLANG_WARN_ENUM_CONVERSION = YES;
				CLANG_WARN_INFINITE_RECURSION = YES;
				CLANG_WARN_INT_CONVERSION = YES;
				CLANG_WARN_NON_LITERAL_NULL_CONVERSION = YES;
				CLANG_WARN_OBJC_IMPLICIT_RETAIN_SELF = YES;
				CLANG_WARN_OBJC_LITERAL_CONVERSION = YES;
				CLANG_WARN_OBJC_ROOT_CLASS = YES_ERROR;
				CLANG_WARN_RANGE_LOOP_ANALYSIS = YES;
				CLANG_WARN_STRICT_PROTOTYPES = YES;
				CLANG_WARN_SUSPICIOUS_MOVE = YES;
				CLANG_WARN_UNGUARDED_AVAILABILITY = YES_AGGRESSIVE;
				CLANG_WARN_UNREACHABLE_CODE = YES;
				CLANG_WARN__DUPLICATE_METHOD_MATCH = YES;
				COPY_PHASE_STRIP = NO;
				DEBUG_INFORMATION_FORMAT = "dwarf-with-dsym";
				ENABLE_NS_ASSERTIONS = NO;
				ENABLE_STRICT_OBJC_MSGSEND = YES;
				GCC_C_LANGUAGE_STANDARD = gnu11;
				GCC_NO_COMMON_BLOCKS = YES;
				GCC_WARN_64_TO_32_BIT_CONVERSION = YES;
				GCC_WARN_ABOUT_RETURN_TYPE = YES_ERROR;
				GCC_WARN_UNDECLARED_SELECTOR = YES;
				GCC_WARN_UNINITIALIZED_AUTOS = YES_AGGRESSIVE;
				GCC_WARN_UNUSED_FUNCTION = YES;
				GCC_WARN_UNUSED_VARIABLE = YES;
				IPHONEOS_DEPLOYMENT_TARGET = 13.2;
				MTL_ENABLE_DEBUG_INFO = NO;
				MTL_FAST_MATH = YES;
				SDKROOT = iphoneos;
				SWIFT_COMPILATION_MODE = wholemodule;
				SWIFT_OPTIMIZATION_LEVEL = "-O";
				VALIDATE_PRODUCT = YES;
			};
			name = Release;
		};
		1F7783F123D8E268009285CB /* Debug */ = {
			isa = XCBuildConfiguration;
			buildSettings = {
				ASSETCATALOG_COMPILER_APPICON_NAME = AppIcon;
				CODE_SIGN_STYLE = Automatic;
				INFOPLIST_FILE = fibSequenceProject/Info.plist;
				LD_RUNPATH_SEARCH_PATHS = (
					"$(inherited)",
					"@executable_path/Frameworks",
				);
				PRODUCT_BUNDLE_IDENTIFIER = com.arindavoodian.fibSequenceProject;
				PRODUCT_NAME = "$(TARGET_NAME)";
				SWIFT_VERSION = 5.0;
				TARGETED_DEVICE_FAMILY = "1,2";
			};
			name = Debug;
		};
		1F7783F223D8E268009285CB /* Release */ = {
			isa = XCBuildConfiguration;
			buildSettings = {
				ASSETCATALOG_COMPILER_APPICON_NAME = AppIcon;
				CODE_SIGN_STYLE = Automatic;
				INFOPLIST_FILE = fibSequenceProject/Info.plist;
				LD_RUNPATH_SEARCH_PATHS = (
					"$(inherited)",
					"@executable_path/Frameworks",
				);
				PRODUCT_BUNDLE_IDENTIFIER = com.arindavoodian.fibSequenceProject;
				PRODUCT_NAME = "$(TARGET_NAME)";
				SWIFT_VERSION = 5.0;
				TARGETED_DEVICE_FAMILY = "1,2";
			};
			name = Release;
		};
		1F7783F423D8E268009285CB /* Debug */ = {
			isa = XCBuildConfiguration;
			buildSettings = {
				ALWAYS_EMBED_SWIFT_STANDARD_LIBRARIES = YES;
				BUNDLE_LOADER = "$(TEST_HOST)";
				CODE_SIGN_STYLE = Automatic;
				INFOPLIST_FILE = fibSequenceProjectTests/Info.plist;
				IPHONEOS_DEPLOYMENT_TARGET = 13.2;
				LD_RUNPATH_SEARCH_PATHS = (
					"$(inherited)",
					"@executable_path/Frameworks",
					"@loader_path/Frameworks",
				);
				PRODUCT_BUNDLE_IDENTIFIER = com.arindavoodian.fibSequenceProjectTests;
				PRODUCT_NAME = "$(TARGET_NAME)";
				SWIFT_VERSION = 5.0;
				TARGETED_DEVICE_FAMILY = "1,2";
				TEST_HOST = "$(BUILT_PRODUCTS_DIR)/fibSequenceProject.app/fibSequenceProject";
			};
			name = Debug;
		};
		1F7783F523D8E268009285CB /* Release */ = {
			isa = XCBuildConfiguration;
			buildSettings = {
				ALWAYS_EMBED_SWIFT_STANDARD_LIBRARIES = YES;
				BUNDLE_LOADER = "$(TEST_HOST)";
				CODE_SIGN_STYLE = Automatic;
				INFOPLIST_FILE = fibSequenceProjectTests/Info.plist;
				IPHONEOS_DEPLOYMENT_TARGET = 13.2;
				LD_RUNPATH_SEARCH_PATHS = (
					"$(inherited)",
					"@executable_path/Frameworks",
					"@loader_path/Frameworks",
				);
				PRODUCT_BUNDLE_IDENTIFIER = com.arindavoodian.fibSequenceProjectTests;
				PRODUCT_NAME = "$(TARGET_NAME)";
				SWIFT_VERSION = 5.0;
				TARGETED_DEVICE_FAMILY = "1,2";
				TEST_HOST = "$(BUILT_PRODUCTS_DIR)/fibSequenceProject.app/fibSequenceProject";
			};
			name = Release;
		};
/* End XCBuildConfiguration section */

/* Begin XCConfigurationList section */
		1F7783CC23D8E262009285CB /* Build configuration list for PBXProject "fibSequenceProject" */ = {
			isa = XCConfigurationList;
			buildConfigurations = (
				1F7783EE23D8E268009285CB /* Debug */,
				1F7783EF23D8E268009285CB /* Release */,
			);
			defaultConfigurationIsVisible = 0;
			defaultConfigurationName = Release;
		};
		1F7783F023D8E268009285CB /* Build configuration list for PBXNativeTarget "fibSequenceProject" */ = {
			isa = XCConfigurationList;
			buildConfigurations = (
				1F7783F123D8E268009285CB /* Debug */,
				1F7783F223D8E268009285CB /* Release */,
			);
			defaultConfigurationIsVisible = 0;
			defaultConfigurationName = Release;
		};
		1F7783F323D8E268009285CB /* Build configuration list for PBXNativeTarget "fibSequenceProjectTests" */ = {
			isa = XCConfigurationList;
			buildConfigurations = (
				1F7783F423D8E268009285CB /* Debug */,
				1F7783F523D8E268009285CB /* Release */,
			);
			defaultConfigurationIsVisible = 0;
			defaultConfigurationName = Release;
		};
/* End XCConfigurationList section */
	};
	rootObject = 1F7783C923D8E262009285CB /* Project object */;
}
